
Microsoft Visual Studio Solution File, Format Version 12.00
# Visual Studio Version 17
VisualStudioVersion = 17.5.33530.505
MinimumVisualStudioVersion = 10.0.40219.1
Project("{FAE04EC0-301F-11D3-BF4B-00C04F79EFBC}") = "X_O", "X_O\X_O.csproj", "{01EA5B56-8F14-4FAD-9FC6-53EF9424B9B5}"
EndProject
Global
	GlobalSection(SolutionConfigurationPlatforms) = preSolution
		Debug|Any CPU = Debug|Any CPU
		Release|Any CPU = Release|Any CPU
	EndGlobalSection
	GlobalSection(ProjectConfigurationPlatforms) = postSolution
		{01EA5B56-8F14-4FAD-9FC6-53EF9424B9B5}.Debug|Any CPU.ActiveCfg = Debug|Any CPU
		{01EA5B56-8F14-4FAD-9FC6-53EF9424B9B5}.Debug|Any CPU.Build.0 = Debug|Any CPU
		{01EA5B56-8F14-4FAD-9FC6-53EF9424B9B5}.Release|Any CPU.ActiveCfg = Release|Any CPU
		{01EA5B56-8F14-4FAD-9FC6-53EF9424B9B5}.Release|Any CPU.Build.0 = Release|Any CPU
	EndGlobalSection
	GlobalSection(SolutionProperties) = preSolution
		HideSolutionNode = FALSE
	EndGlobalSection
	GlobalSection(ExtensibilityGlobals) = postSolution
		SolutionGuid = {70808C7D-C876-47A3-96D4-A246DC1C402D}
	EndGlobalSection
EndGlobal
